// !$*UTF8*$!
{
	archiveVersion = 1;
	classes = {
	};
	objectVersion = 50;
	objects = {

/* Begin PBXBuildFile section */
		7637E1BE20C460BD00621F12 /* AppDelegate.swift in Sources */ = {isa = PBXBuildFile; fileRef = 7637E1BD20C460BD00621F12 /* AppDelegate.swift */; };
		7637E1C020C460BD00621F12 /* ViewController.swift in Sources */ = {isa = PBXBuildFile; fileRef = 7637E1BF20C460BD00621F12 /* ViewController.swift */; };
		7637E1C320C460BD00621F12 /* Main.storyboard in Resources */ = {isa = PBXBuildFile; fileRef = 7637E1C120C460BD00621F12 /* Main.storyboard */; };
		7637E1C520C460BF00621F12 /* Assets.xcassets in Resources */ = {isa = PBXBuildFile; fileRef = 7637E1C420C460BF00621F12 /* Assets.xcassets */; };
		7637E1C820C460BF00621F12 /* LaunchScreen.storyboard in Resources */ = {isa = PBXBuildFile; fileRef = 7637E1C620C460BF00621F12 /* LaunchScreen.storyboard */; };
		7637E1D320C460BF00621F12 /* calculatorTests.swift in Sources */ = {isa = PBXBuildFile; fileRef = 7637E1D220C460BF00621F12 /* calculatorTests.swift */; };
		7637E1DE20C460BF00621F12 /* calculatorUITests.swift in Sources */ = {isa = PBXBuildFile; fileRef = 7637E1DD20C460BF00621F12 /* calculatorUITests.swift */; };
/* End PBXBuildFile section */

/* Begin PBXContainerItemProxy section */
		7637E1CF20C460BF00621F12 /* PBXContainerItemProxy */ = {
			isa = PBXContainerItemProxy;
			containerPortal = 7637E1B220C460BD00621F12 /* Project object */;
			proxyType = 1;
			remoteGlobalIDString = 7637E1B920C460BD00621F12;
			remoteInfo = calculator;
		};
		7637E1DA20C460BF00621F12 /* PBXContainerItemProxy */ = {
			isa = PBXContainerItemProxy;
			containerPortal = 7637E1B220C460BD00621F12 /* Project object */;
			proxyType = 1;
			remoteGlobalIDString = 7637E1B920C460BD00621F12;
			remoteInfo = calculator;
		};
/* End PBXContainerItemProxy section */

/* Begin PBXFileReference section */
		7637E1BA20C460BD00621F12 /* calculator.app */ = {isa = PBXFileReference; explicitFileType = wrapper.application; includeInIndex = 0; path = calculator.app; sourceTree = BUILT_PRODUCTS_DIR; };
		7637E1BD20C460BD00621F12 /* AppDelegate.swift */ = {isa = PBXFileReference; lastKnownFileType = sourcecode.swift; path = AppDelegate.swift; sourceTree = "<group>"; };
		7637E1BF20C460BD00621F12 /* ViewController.swift */ = {isa = PBXFileReference; lastKnownFileType = sourcecode.swift; path = ViewController.swift; sourceTree = "<group>"; };
		7637E1C220C460BD00621F12 /* Base */ = {isa = PBXFileReference; lastKnownFileType = file.storyboard; name = Base; path = Base.lproj/Main.storyboard; sourceTree = "<group>"; };
		7637E1C420C460BF00621F12 /* Assets.xcassets */ = {isa = PBXFileReference; lastKnownFileType = folder.assetcatalog; path = Assets.xcassets; sourceTree = "<group>"; };
		7637E1C720C460BF00621F12 /* Base */ = {isa = PBXFileReference; lastKnownFileType = file.storyboard; name = Base; path = Base.lproj/LaunchScreen.storyboard; sourceTree = "<group>"; };
		7637E1C920C460BF00621F12 /* Info.plist */ = {isa = PBXFileReference; lastKnownFileType = text.plist.xml; path = Info.plist; sourceTree = "<group>"; };
		7637E1CE20C460BF00621F12 /* calculatorTests.xctest */ = {isa = PBXFileReference; explicitFileType = wrapper.cfbundle; includeInIndex = 0; path = calculatorTests.xctest; sourceTree = BUILT_PRODUCTS_DIR; };
		7637E1D220C460BF00621F12 /* calculatorTests.swift */ = {isa = PBXFileReference; lastKnownFileType = sourcecode.swift; path = calculatorTests.swift; sourceTree = "<group>"; };
		7637E1D420C460BF00621F12 /* Info.plist */ = {isa = PBXFileReference; lastKnownFileType = text.plist.xml; path = Info.plist; sourceTree = "<group>"; };
		7637E1D920C460BF00621F12 /* calculatorUITests.xctest */ = {isa = PBXFileReference; explicitFileType = wrapper.cfbundle; includeInIndex = 0; path = calculatorUITests.xctest; sourceTree = BUILT_PRODUCTS_DIR; };
		7637E1DD20C460BF00621F12 /* calculatorUITests.swift */ = {isa = PBXFileReference; lastKnownFileType = sourcecode.swift; path = calculatorUITests.swift; sourceTree = "<group>"; };
		7637E1DF20C460BF00621F12 /* Info.plist */ = {isa = PBXFileReference; lastKnownFileType = text.plist.xml; path = Info.plist; sourceTree = "<group>"; };
/* End PBXFileReference section */

/* Begin PBXFrameworksBuildPhase section */
		7637E1B720C460BD00621F12 /* Frameworks */ = {
			isa = PBXFrameworksBuildPhase;
			buildActionMask = 2147483647;
			files = (
			);
			runOnlyForDeploymentPostprocessing = 0;
		};
		7637E1CB20C460BF00621F12 /* Frameworks */ = {
			isa = PBXFrameworksBuildPhase;
			buildActionMask = 2147483647;
			files = (
			);
			runOnlyForDeploymentPostprocessing = 0;
		};
		7637E1D620C460BF00621F12 /* Frameworks */ = {
			isa = PBXFrameworksBuildPhase;
			buildActionMask = 2147483647;
			files = (
			);
			runOnlyForDeploymentPostprocessing = 0;
		};
/* End PBXFrameworksBuildPhase section */

/* Begin PBXGroup section */
		7637E1B120C460BD00621F12 = {
			isa = PBXGroup;
			children = (
				7637E1BC20C460BD00621F12 /* calculator */,
				7637E1D120C460BF00621F12 /* calculatorTests */,
				7637E1DC20C460BF00621F12 /* calculatorUITests */,
				7637E1BB20C460BD00621F12 /* Products */,
			);
			sourceTree = "<group>";
		};
		7637E1BB20C460BD00621F12 /* Products */ = {
			isa = PBXGroup;
			children = (
				7637E1BA20C460BD00621F12 /* calculator.app */,
				7637E1CE20C460BF00621F12 /* calculatorTests.xctest */,
				7637E1D920C460BF00621F12 /* calculatorUITests.xctest */,
			);
			name = Products;
			sourceTree = "<group>";
		};
		7637E1BC20C460BD00621F12 /* calculator */ = {
			isa = PBXGroup;
			children = (
				7637E1BD20C460BD00621F12 /* AppDelegate.swift */,
				7637E1BF20C460BD00621F12 /* ViewController.swift */,
				7637E1C120C460BD00621F12 /* Main.storyboard */,
				7637E1C420C460BF00621F12 /* Assets.xcassets */,
				7637E1C620C460BF00621F12 /* LaunchScreen.storyboard */,
				7637E1C920C460BF00621F12 /* Info.plist */,
			);
			path = calculator;
			sourceTree = "<group>";
		};
		7637E1D120C460BF00621F12 /* calculatorTests */ = {
			isa = PBXGroup;
			children = (
				7637E1D220C460BF00621F12 /* calculatorTests.swift */,
				7637E1D420C460BF00621F12 /* Info.plist */,
			);
			path = calculatorTests;
			sourceTree = "<group>";
		};
		7637E1DC20C460BF00621F12 /* calculatorUITests */ = {
			isa = PBXGroup;
			children = (
				7637E1DD20C460BF00621F12 /* calculatorUITests.swift */,
				7637E1DF20C460BF00621F12 /* Info.plist */,
			);
			path = calculatorUITests;
			sourceTree = "<group>";
		};
/* End PBXGroup section */

/* Begin PBXNativeTarget section */
		7637E1B920C460BD00621F12 /* calculator */ = {
			isa = PBXNativeTarget;
			buildConfigurationList = 7637E1E220C460BF00621F12 /* Build configuration list for PBXNativeTarget "calculator" */;
			buildPhases = (
				7637E1B620C460BD00621F12 /* Sources */,
				7637E1B720C460BD00621F12 /* Frameworks */,
				7637E1B820C460BD00621F12 /* Resources */,
			);
			buildRules = (
			);
			dependencies = (
			);
			name = calculator;
			productName = calculator;
			productReference = 7637E1BA20C460BD00621F12 /* calculator.app */;
			productType = "com.apple.product-type.application";
		};
		7637E1CD20C460BF00621F12 /* calculatorTests */ = {
			isa = PBXNativeTarget;
			buildConfigurationList = 7637E1E520C460BF00621F12 /* Build configuration list for PBXNativeTarget "calculatorTests" */;
			buildPhases = (
				7637E1CA20C460BF00621F12 /* Sources */,
				7637E1CB20C460BF00621F12 /* Frameworks */,
				7637E1CC20C460BF00621F12 /* Resources */,
			);
			buildRules = (
			);
			dependencies = (
				7637E1D020C460BF00621F12 /* PBXTargetDependency */,
			);
			name = calculatorTests;
			productName = calculatorTests;
			productReference = 7637E1CE20C460BF00621F12 /* calculatorTests.xctest */;
			productType = "com.apple.product-type.bundle.unit-test";
		};
		7637E1D820C460BF00621F12 /* calculatorUITests */ = {
			isa = PBXNativeTarget;
			buildConfigurationList = 7637E1E820C460BF00621F12 /* Build configuration list for PBXNativeTarget "calculatorUITests" */;
			buildPhases = (
				7637E1D520C460BF00621F12 /* Sources */,
				7637E1D620C460BF00621F12 /* Frameworks */,
				7637E1D720C460BF00621F12 /* Resources */,
			);
			buildRules = (
			);
			dependencies = (
				7637E1DB20C460BF00621F12 /* PBXTargetDependency */,
			);
			name = calculatorUITests;
			productName = calculatorUITests;
			productReference = 7637E1D920C460BF00621F12 /* calculatorUITests.xctest */;
			productType = "com.apple.product-type.bundle.ui-testing";
		};
/* End PBXNativeTarget section */

/* Begin PBXProject section */
		7637E1B220C460BD00621F12 /* Project object */ = {
			isa = PBXProject;
			attributes = {
				LastSwiftUpdateCheck = 0930;
				LastUpgradeCheck = 0930;
				ORGANIZATIONNAME = sumit;
				TargetAttributes = {
					7637E1B920C460BD00621F12 = {
						CreatedOnToolsVersion = 9.3;
					};
					7637E1CD20C460BF00621F12 = {
						CreatedOnToolsVersion = 9.3;
						TestTargetID = 7637E1B920C460BD00621F12;
					};
					7637E1D820C460BF00621F12 = {
						CreatedOnToolsVersion = 9.3;
						TestTargetID = 7637E1B920C460BD00621F12;
					};
				};
			};
			buildConfigurationList = 7637E1B520C460BD00621F12 /* Build configuration list for PBXProject "calculator" */;
			compatibilityVersion = "Xcode 9.3";
			developmentRegion = en;
			hasScannedForEncodings = 0;
			knownRegions = (
				en,
				Base,
			);
			mainGroup = 7637E1B120C460BD00621F12;
			productRefGroup = 7637E1BB20C460BD00621F12 /* Products */;
			projectDirPath = "";
			projectRoot = "";
			targets = (
				7637E1B920C460BD00621F12 /* calculator */,
				7637E1CD20C460BF00621F12 /* calculatorTests */,
				7637E1D820C460BF00621F12 /* calculatorUITests */,
			);
		};
/* End PBXProject section */

/* Begin PBXResourcesBuildPhase section */
		7637E1B820C460BD00621F12 /* Resources */ = {
			isa = PBXResourcesBuildPhase;
			buildActionMask = 2147483647;
			files = (
				7637E1C820C460BF00621F12 /* LaunchScreen.storyboard in Resources */,
				7637E1C520C460BF00621F12 /* Assets.xcassets in Resources */,
				7637E1C320C460BD00621F12 /* Main.storyboard in Resources */,
			);
			runOnlyForDeploymentPostprocessing = 0;
		};
		7637E1CC20C460BF00621F12 /* Resources */ = {
			isa = PBXResourcesBuildPhase;
			buildActionMask = 2147483647;
			files = (
			);
			runOnlyForDeploymentPostprocessing = 0;
		};
		7637E1D720C460BF00621F12 /* Resources */ = {
			isa = PBXResourcesBuildPhase;
			buildActionMask = 2147483647;
			files = (
			);
			runOnlyForDeploymentPostprocessing = 0;
		};
/* End PBXResourcesBuildPhase section */

/* Begin PBXSourcesBuildPhase section */
		7637E1B620C460BD00621F12 /* Sources */ = {
			isa = PBXSourcesBuildPhase;
			buildActionMask = 2147483647;
			files = (
				7637E1C020C460BD00621F12 /* ViewController.swift in Sources */,
				7637E1BE20C460BD00621F12 /* AppDelegate.swift in Sources */,
			);
			runOnlyForDeploymentPostprocessing = 0;
		};
		7637E1CA20C460BF00621F12 /* Sources */ = {
			isa = PBXSourcesBuildPhase;
			buildActionMask = 2147483647;
			files = (
				7637E1D320C460BF00621F12 /* calculatorTests.swift in Sources */,
			);
			runOnlyForDeploymentPostprocessing = 0;
		};
		7637E1D520C460BF00621F12 /* Sources */ = {
			isa = PBXSourcesBuildPhase;
			buildActionMask = 2147483647;
			files = (
				7637E1DE20C460BF00621F12 /* calculatorUITests.swift in Sources */,
			);
			runOnlyForDeploymentPostprocessing = 0;
		};
/* End PBXSourcesBuildPhase section */

/* Begin PBXTargetDependency section */
		7637E1D020C460BF00621F12 /* PBXTargetDependency */ = {
			isa = PBXTargetDependency;
			target = 7637E1B920C460BD00621F12 /* calculator */;
			targetProxy = 7637E1CF20C460BF00621F12 /* PBXContainerItemProxy */;
		};
		7637E1DB20C460BF00621F12 /* PBXTargetDependency */ = {
			isa = PBXTargetDependency;
			target = 7637E1B920C460BD00621F12 /* calculator */;
			targetProxy = 7637E1DA20C460BF00621F12 /* PBXContainerItemProxy */;
		};
/* End PBXTargetDependency section */

/* Begin PBXVariantGroup section */
		7637E1C120C460BD00621F12 /* Main.storyboard */ = {
			isa = PBXVariantGroup;
			children = (
				7637E1C220C460BD00621F12 /* Base */,
			);
			name = Main.storyboard;
			sourceTree = "<group>";
		};
		7637E1C620C460BF00621F12 /* LaunchScreen.storyboard */ = {
			isa = PBXVariantGroup;
			children = (
				7637E1C720C460BF00621F12 /* Base */,
			);
			name = LaunchScreen.storyboard;
			sourceTree = "<group>";
		};
/* End PBXVariantGroup section */

/* Begin XCBuildConfiguration section */
		7637E1E020C460BF00621F12 /* Debug */ = {
			isa = XCBuildConfiguration;
			buildSettings = {
				ALWAYS_SEARCH_USER_PATHS = NO;
				CLANG_ANALYZER_NONNULL = YES;
				CLANG_ANALYZER_NUMBER_OBJECT_CONVERSION = YES_AGGRESSIVE;
				CLANG_CXX_LANGUAGE_STANDARD = "gnu++14";
				CLANG_CXX_LIBRARY = "libc++";
				CLANG_ENABLE_MODULES = YES;
				CLANG_ENABLE_OBJC_ARC = YES;
				CLANG_ENABLE_OBJC_WEAK = YES;
				CLANG_WARN_BLOCK_CAPTURE_AUTORELEASING = YES;
				CLANG_WARN_BOOL_CONVERSION = YES;
				CLANG_WARN_COMMA = YES;
				CLANG_WARN_CONSTANT_CONVERSION = YES;
				CLANG_WARN_DEPRECATED_OBJC_IMPLEMENTATIONS = YES;
				CLANG_WARN_DIRECT_OBJC_ISA_USAGE = YES_ERROR;
				CLANG_WARN_DOCUMENTATION_COMMENTS = YES;
				CLANG_WARN_EMPTY_BODY = YES;
				CLANG_WARN_ENUM_CONVERSION = YES;
				CLANG_WARN_INFINITE_RECURSION = YES;
				CLANG_WARN_INT_CONVERSION = YES;
				CLANG_WARN_NON_LITERAL_NULL_CONVERSION = YES;
				CLANG_WARN_OBJC_IMPLICIT_RETAIN_SELF = YES;
				CLANG_WARN_OBJC_LITERAL_CONVERSION = YES;
				CLANG_WARN_OBJC_ROOT_CLASS = YES_ERROR;
				CLANG_WARN_RANGE_LOOP_ANALYSIS = YES;
				CLANG_WARN_STRICT_PROTOTYPES = YES;
				CLANG_WARN_SUSPICIOUS_MOVE = YES;
				CLANG_WARN_UNGUARDED_AVAILABILITY = YES_AGGRESSIVE;
				CLANG_WARN_UNREACHABLE_CODE = YES;
				CLANG_WARN__DUPLICATE_METHOD_MATCH = YES;
				CODE_SIGN_IDENTITY = "iPhone Developer";
				COPY_PHASE_STRIP = NO;
				DEBUG_INFORMATION_FORMAT = dwarf;
				ENABLE_STRICT_OBJC_MSGSEND = YES;
				ENABLE_TESTABILITY = YES;
				GCC_C_LANGUAGE_STANDARD = gnu11;
				GCC_DYNAMIC_NO_PIC = NO;
				GCC_NO_COMMON_BLOCKS = YES;
				GCC_OPTIMIZATION_LEVEL = 0;
				GCC_PREPROCESSOR_DEFINITIONS = (
					"DEBUG=1",
					"$(inherited)",
				);
				GCC_WARN_64_TO_32_BIT_CONVERSION = YES;
				GCC_WARN_ABOUT_RETURN_TYPE = YES_ERROR;
				GCC_WARN_UNDECLARED_SELECTOR = YES;
				GCC_WARN_UNINITIALIZED_AUTOS = YES_AGGRESSIVE;
				GCC_WARN_UNUSED_FUNCTION = YES;
				GCC_WARN_UNUSED_VARIABLE = YES;
				IPHONEOS_DEPLOYMENT_TARGET = 11.3;
				MTL_ENABLE_DEBUG_INFO = YES;
				ONLY_ACTIVE_ARCH = YES;
				SDKROOT = iphoneos;
				SWIFT_ACTIVE_COMPILATION_CONDITIONS = DEBUG;
				SWIFT_OPTIMIZATION_LEVEL = "-Onone";
			};
			name = Debug;
		};
		7637E1E120C460BF00621F12 /* Release */ = {
			isa = XCBuildConfiguration;
			buildSettings = {
				ALWAYS_SEARCH_USER_PATHS = NO;
				CLANG_ANALYZER_NONNULL = YES;
				CLANG_ANALYZER_NUMBER_OBJECT_CONVERSION = YES_AGGRESSIVE;
				CLANG_CXX_LANGUAGE_STANDARD = "gnu++14";
				CLANG_CXX_LIBRARY = "libc++";
				CLANG_ENABLE_MODULES = YES;
				CLANG_ENABLE_OBJC_ARC = YES;
				CLANG_ENABLE_OBJC_WEAK = YES;
				CLANG_WARN_BLOCK_CAPTURE_AUTORELEASING = YES;
				CLANG_WARN_BOOL_CONVERSION = YES;
				CLANG_WARN_COMMA = YES;
				CLANG_WARN_CONSTANT_CONVERSION = YES;
				CLANG_WARN_DEPRECATED_OBJC_IMPLEMENTATIONS = YES;
				CLANG_WARN_DIRECT_OBJC_ISA_USAGE = YES_ERROR;
				CLANG_WARN_DOCUMENTATION_COMMENTS = YES;
				CLANG_WARN_EMPTY_BODY = YES;
				CLANG_WARN_ENUM_CONVERSION = YES;
				CLANG_WARN_INFINITE_RECURSION = YES;
				CLANG_WARN_INT_CONVERSION = YES;
				CLANG_WARN_NON_LITERAL_NULL_CONVERSION = YES;
				CLANG_WARN_OBJC_IMPLICIT_RETAIN_SELF = YES;
				CLANG_WARN_OBJC_LITERAL_CONVERSION = YES;
				CLANG_WARN_OBJC_ROOT_CLASS = YES_ERROR;
				CLANG_WARN_RANGE_LOOP_ANALYSIS = YES;
				CLANG_WARN_STRICT_PROTOTYPES = YES;
				CLANG_WARN_SUSPICIOUS_MOVE = YES;
				CLANG_WARN_UNGUARDED_AVAILABILITY = YES_AGGRESSIVE;
				CLANG_WARN_UNREACHABLE_CODE = YES;
				CLANG_WARN__DUPLICATE_METHOD_MATCH = YES;
				CODE_SIGN_IDENTITY = "iPhone Developer";
				COPY_PHASE_STRIP = NO;
				DEBUG_INFORMATION_FORMAT = "dwarf-with-dsym";
				ENABLE_NS_ASSERTIONS = NO;
				ENABLE_STRICT_OBJC_MSGSEND = YES;
				GCC_C_LANGUAGE_STANDARD = gnu11;
				GCC_NO_COMMON_BLOCKS = YES;
				GCC_WARN_64_TO_32_BIT_CONVERSION = YES;
				GCC_WARN_ABOUT_RETURN_TYPE = YES_ERROR;
				GCC_WARN_UNDECLARED_SELECTOR = YES;
				GCC_WARN_UNINITIALIZED_AUTOS = YES_AGGRESSIVE;
				GCC_WARN_UNUSED_FUNCTION = YES;
				GCC_WARN_UNUSED_VARIABLE = YES;
				IPHONEOS_DEPLOYMENT_TARGET = 11.3;
				MTL_ENABLE_DEBUG_INFO = NO;
				SDKROOT = iphoneos;
				SWIFT_COMPILATION_MODE = wholemodule;
				SWIFT_OPTIMIZATION_LEVEL = "-O";
				VALIDATE_PRODUCT = YES;
			};
			name = Release;
		};
		7637E1E320C460BF00621F12 /* Debug */ = {
			isa = XCBuildConfiguration;
			buildSettings = {
				ASSETCATALOG_COMPILER_APPICON_NAME = AppIcon;
				CODE_SIGN_STYLE = Automatic;
				DEVELOPMENT_TEAM = 6ERN367UB7;
				INFOPLIST_FILE = calculator/Info.plist;
				LD_RUNPATH_SEARCH_PATHS = (
					"$(inherited)",
					"@executable_path/Frameworks",
				);
				PRODUCT_BUNDLE_IDENTIFIER = sumit.calculator;
				PRODUCT_NAME = "$(TARGET_NAME)";
				SWIFT_VERSION = 4.0;
				TARGETED_DEVICE_FAMILY = "1,2";
			};
			name = Debug;
		};
		7637E1E420C460BF00621F12 /* Release */ = {
			isa = XCBuildConfiguration;
			buildSettings = {
				ASSETCATALOG_COMPILER_APPICON_NAME = AppIcon;
				CODE_SIGN_STYLE = Automatic;
				DEVELOPMENT_TEAM = 6ERN367UB7;
				INFOPLIST_FILE = calculator/Info.plist;
				LD_RUNPATH_SEARCH_PATHS = (
					"$(inherited)",
					"@executable_path/Frameworks",
				);
				PRODUCT_BUNDLE_IDENTIFIER = sumit.calculator;
				PRODUCT_NAME = "$(TARGET_NAME)";
				SWIFT_VERSION = 4.0;
				TARGETED_DEVICE_FAMILY = "1,2";
			};
			name = Release;
		};
		7637E1E620C460BF00621F12 /* Debug */ = {
			isa = XCBuildConfiguration;
			buildSettings = {
				ALWAYS_EMBED_SWIFT_STANDARD_LIBRARIES = YES;
				BUNDLE_LOADER = "$(TEST_HOST)";
				CODE_SIGN_STYLE = Automatic;
				DEVELOPMENT_TEAM = 6ERN367UB7;
				INFOPLIST_FILE = calculatorTests/Info.plist;
				LD_RUNPATH_SEARCH_PATHS = (
					"$(inherited)",
					"@executable_path/Frameworks",
					"@loader_path/Frameworks",
				);
				PRODUCT_BUNDLE_IDENTIFIER = sumit.calculatorTests;
				PRODUCT_NAME = "$(TARGET_NAME)";
				SWIFT_VERSION = 4.0;
				TARGETED_DEVICE_FAMILY = "1,2";
				TEST_HOST = "$(BUILT_PRODUCTS_DIR)/calculator.app/calculator";
			};
			name = Debug;
		};
		7637E1E720C460BF00621F12 /* Release */ = {
			isa = XCBuildConfiguration;
			buildSettings = {
				ALWAYS_EMBED_SWIFT_STANDARD_LIBRARIES = YES;
				BUNDLE_LOADER = "$(TEST_HOST)";
				CODE_SIGN_STYLE = Automatic;
				DEVELOPMENT_TEAM = 6ERN367UB7;
				INFOPLIST_FILE = calculatorTests/Info.plist;
				LD_RUNPATH_SEARCH_PATHS = (
					"$(inherited)",
					"@executable_path/Frameworks",
					"@loader_path/Frameworks",
				);
				PRODUCT_BUNDLE_IDENTIFIER = sumit.calculatorTests;
				PRODUCT_NAME = "$(TARGET_NAME)";
				SWIFT_VERSION = 4.0;
				TARGETED_DEVICE_FAMILY = "1,2";
				TEST_HOST = "$(BUILT_PRODUCTS_DIR)/calculator.app/calculator";
			};
			name = Release;
		};
		7637E1E920C460BF00621F12 /* Debug */ = {
			isa = XCBuildConfiguration;
			buildSettings = {
				ALWAYS_EMBED_SWIFT_STANDARD_LIBRARIES = YES;
				CODE_SIGN_STYLE = Automatic;
				DEVELOPMENT_TEAM = 6ERN367UB7;
				INFOPLIST_FILE = calculatorUITests/Info.plist;
				LD_RUNPATH_SEARCH_PATHS = (
					"$(inherited)",
					"@executable_path/Frameworks",
					"@loader_path/Frameworks",
				);
				PRODUCT_BUNDLE_IDENTIFIER = sumit.calculatorUITests;
				PRODUCT_NAME = "$(TARGET_NAME)";
				SWIFT_VERSION = 4.0;
				TARGETED_DEVICE_FAMILY = "1,2";
				TEST_TARGET_NAME = calculator;
			};
			name = Debug;
		};
		7637E1EA20C460BF00621F12 /* Release */ = {
			isa = XCBuildConfiguration;
			buildSettings = {
				ALWAYS_EMBED_SWIFT_STANDARD_LIBRARIES = YES;
				CODE_SIGN_STYLE = Automatic;
				DEVELOPMENT_TEAM = 6ERN367UB7;
				INFOPLIST_FILE = calculatorUITests/Info.plist;
				LD_RUNPATH_SEARCH_PATHS = (
					"$(inherited)",
					"@executable_path/Frameworks",
					"@loader_path/Frameworks",
				);
				PRODUCT_BUNDLE_IDENTIFIER = sumit.calculatorUITests;
				PRODUCT_NAME = "$(TARGET_NAME)";
				SWIFT_VERSION = 4.0;
				TARGETED_DEVICE_FAMILY = "1,2";
				TEST_TARGET_NAME = calculator;
			};
			name = Release;
		};
/* End XCBuildConfiguration section */

/* Begin XCConfigurationList section */
		7637E1B520C460BD00621F12 /* Build configuration list for PBXProject "calculator" */ = {
			isa = XCConfigurationList;
			buildConfigurations = (
				7637E1E020C460BF00621F12 /* Debug */,
				7637E1E120C460BF00621F12 /* Release */,
			);
			defaultConfigurationIsVisible = 0;
			defaultConfigurationName = Release;
		};
		7637E1E220C460BF00621F12 /* Build configuration list for PBXNativeTarget "calculator" */ = {
			isa = XCConfigurationList;
			buildConfigurations = (
				7637E1E320C460BF00621F12 /* Debug */,
				7637E1E420C460BF00621F12 /* Release */,
			);
			defaultConfigurationIsVisible = 0;
			defaultConfigurationName = Release;
		};
		7637E1E520C460BF00621F12 /* Build configuration list for PBXNativeTarget "calculatorTests" */ = {
			isa = XCConfigurationList;
			buildConfigurations = (
				7637E1E620C460BF00621F12 /* Debug */,
				7637E1E720C460BF00621F12 /* Release */,
			);
			defaultConfigurationIsVisible = 0;
			defaultConfigurationName = Release;
		};
		7637E1E820C460BF00621F12 /* Build configuration list for PBXNativeTarget "calculatorUITests" */ = {
			isa = XCConfigurationList;
			buildConfigurations = (
				7637E1E920C460BF00621F12 /* Debug */,
				7637E1EA20C460BF00621F12 /* Release */,
			);
			defaultConfigurationIsVisible = 0;
			defaultConfigurationName = Release;
		};
/* End XCConfigurationList section */
	};
	rootObject = 7637E1B220C460BD00621F12 /* Project object */;
}
